
Microsoft Visual Studio Solution File, Format Version 12.00
# Visual Studio 15
VisualStudioVersion = 15.0.28307.1169
MinimumVisualStudioVersion = 10.0.40219.1
Project("{FAE04EC0-301F-11D3-BF4B-00C04F79EFBC}") = "ImageSearch.View", "ImageSearch.UserInterface\ImageSearch.View.csproj", "{E333C6F2-FB35-4451-BC0A-391AE63D902C}"
EndProject
Project("{FAE04EC0-301F-11D3-BF4B-00C04F79EFBC}") = "ImageSearch.DataModel", "ImageSearch.DataModel\ImageSearch.DataModel.csproj", "{BF0B07F0-1CF9-4318-B339-469251B18704}"
EndProject
Project("{FAE04EC0-301F-11D3-BF4B-00C04F79EFBC}") = "ImageSearch.ViewModel", "ImageSearch.ViewModel\ImageSearch.ViewModel.csproj", "{CF73D941-80EF-470A-9851-3826D930DF2C}"
EndProject
Project("{FAE04EC0-301F-11D3-BF4B-00C04F79EFBC}") = "ImageSearch.ServiceComponent", "ImageSearch.ServiceComponent\ImageSearch.ServiceComponent.csproj", "{F1085286-8C53-4A81-BD59-EC431C3DD41F}"
EndProject
Project("{FAE04EC0-301F-11D3-BF4B-00C04F79EFBC}") = "ImageSearch.DataModel.Contracts", "ImageSearch.DataModel.Contracts\ImageSearch.DataModel.Contracts.csproj", "{E6F8EDDC-DA10-4E4A-A183-95E1F01E45F2}"
EndProject
Project("{FAE04EC0-301F-11D3-BF4B-00C04F79EFBC}") = "ImageSearch.ServiceComponent.Contracts", "ImageSearch.ServiceComponent.Contracts\ImageSearch.ServiceComponent.Contracts.csproj", "{01644A6C-242D-41A7-B207-0B7BF664AF83}"
EndProject
Project("{FAE04EC0-301F-11D3-BF4B-00C04F79EFBC}") = "ImageSearch.Common", "ImageSearch.Common\ImageSearch.Common.csproj", "{CC530807-23C9-47F8-8D7F-6E76385E4834}"
EndProject
Global
	GlobalSection(SolutionConfigurationPlatforms) = preSolution
		Debug|Any CPU = Debug|Any CPU
		Release|Any CPU = Release|Any CPU
	EndGlobalSection
	GlobalSection(ProjectConfigurationPlatforms) = postSolution
		{E333C6F2-FB35-4451-BC0A-391AE63D902C}.Debug|Any CPU.ActiveCfg = Debug|Any CPU
		{E333C6F2-FB35-4451-BC0A-391AE63D902C}.Debug|Any CPU.Build.0 = Debug|Any CPU
		{E333C6F2-FB35-4451-BC0A-391AE63D902C}.Release|Any CPU.ActiveCfg = Release|Any CPU
		{E333C6F2-FB35-4451-BC0A-391AE63D902C}.Release|Any CPU.Build.0 = Release|Any CPU
		{BF0B07F0-1CF9-4318-B339-469251B18704}.Debug|Any CPU.ActiveCfg = Debug|Any CPU
		{BF0B07F0-1CF9-4318-B339-469251B18704}.Debug|Any CPU.Build.0 = Debug|Any CPU
		{BF0B07F0-1CF9-4318-B339-469251B18704}.Release|Any CPU.ActiveCfg = Release|Any CPU
		{BF0B07F0-1CF9-4318-B339-469251B18704}.Release|Any CPU.Build.0 = Release|Any CPU
		{CF73D941-80EF-470A-9851-3826D930DF2C}.Debug|Any CPU.ActiveCfg = Debug|Any CPU
		{CF73D941-80EF-470A-9851-3826D930DF2C}.Debug|Any CPU.Build.0 = Debug|Any CPU
		{CF73D941-80EF-470A-9851-3826D930DF2C}.Release|Any CPU.ActiveCfg = Release|Any CPU
		{CF73D941-80EF-470A-9851-3826D930DF2C}.Release|Any CPU.Build.0 = Release|Any CPU
		{F1085286-8C53-4A81-BD59-EC431C3DD41F}.Debug|Any CPU.ActiveCfg = Debug|Any CPU
		{F1085286-8C53-4A81-BD59-EC431C3DD41F}.Debug|Any CPU.Build.0 = Debug|Any CPU
		{F1085286-8C53-4A81-BD59-EC431C3DD41F}.Release|Any CPU.ActiveCfg = Release|Any CPU
		{F1085286-8C53-4A81-BD59-EC431C3DD41F}.Release|Any CPU.Build.0 = Release|Any CPU
		{E6F8EDDC-DA10-4E4A-A183-95E1F01E45F2}.Debug|Any CPU.ActiveCfg = Debug|Any CPU
		{E6F8EDDC-DA10-4E4A-A183-95E1F01E45F2}.Debug|Any CPU.Build.0 = Debug|Any CPU
		{E6F8EDDC-DA10-4E4A-A183-95E1F01E45F2}.Release|Any CPU.ActiveCfg = Release|Any CPU
		{E6F8EDDC-DA10-4E4A-A183-95E1F01E45F2}.Release|Any CPU.Build.0 = Release|Any CPU
		{01644A6C-242D-41A7-B207-0B7BF664AF83}.Debug|Any CPU.ActiveCfg = Debug|Any CPU
		{01644A6C-242D-41A7-B207-0B7BF664AF83}.Debug|Any CPU.Build.0 = Debug|Any CPU
		{01644A6C-242D-41A7-B207-0B7BF664AF83}.Release|Any CPU.ActiveCfg = Release|Any CPU
		{01644A6C-242D-41A7-B207-0B7BF664AF83}.Release|Any CPU.Build.0 = Release|Any CPU
		{CC530807-23C9-47F8-8D7F-6E76385E4834}.Debug|Any CPU.ActiveCfg = Debug|Any CPU
		{CC530807-23C9-47F8-8D7F-6E76385E4834}.Debug|Any CPU.Build.0 = Debug|Any CPU
		{CC530807-23C9-47F8-8D7F-6E76385E4834}.Release|Any CPU.ActiveCfg = Release|Any CPU
		{CC530807-23C9-47F8-8D7F-6E76385E4834}.Release|Any CPU.Build.0 = Release|Any CPU
	EndGlobalSection
	GlobalSection(SolutionProperties) = preSolution
		HideSolutionNode = FALSE
	EndGlobalSection
	GlobalSection(ExtensibilityGlobals) = postSolution
		SolutionGuid = {DC62E7A3-2F9E-4EC5-B869-4CE08ADD243D}
	EndGlobalSection
EndGlobal
